
Microsoft Visual Studio Solution File, Format Version 12.00
# Visual Studio Version 17
VisualStudioVersion = 17.6.33801.468
MinimumVisualStudioVersion = 10.0.40219.1
Project("{9A19103F-16F7-4668-BE54-9A1E7A4F7556}") = "AskBot", "AskBot\AskBot.csproj", "{76D60C04-94EB-4042-B141-C2C0FACBDE94}"
EndProject
Project("{9A19103F-16F7-4668-BE54-9A1E7A4F7556}") = "AskBot.Test", "AskBot.Test\AskBot.Test.csproj", "{BF599491-E2D1-46B0-B940-9A6E32F878F4}"
EndProject
Project("{9A19103F-16F7-4668-BE54-9A1E7A4F7556}") = "AskBot.Services", "AskBot.Services\AskBot.Services.csproj", "{707CC082-006E-46FD-992F-5C7E50BC4CB5}"
EndProject
Project("{FAE04EC0-301F-11D3-BF4B-00C04F79EFBC}") = "AskBot.Services.Models", "AskBot.Services.Models\AskBot.Services.Models.csproj", "{DB147327-6336-40FB-9704-FDDFFD278C57}"
EndProject
Global
	GlobalSection(SolutionConfigurationPlatforms) = preSolution
		Debug|Any CPU = Debug|Any CPU
		Release|Any CPU = Release|Any CPU
	EndGlobalSection
	GlobalSection(ProjectConfigurationPlatforms) = postSolution
		{76D60C04-94EB-4042-B141-C2C0FACBDE94}.Debug|Any CPU.ActiveCfg = Debug|Any CPU
		{76D60C04-94EB-4042-B141-C2C0FACBDE94}.Debug|Any CPU.Build.0 = Debug|Any CPU
		{76D60C04-94EB-4042-B141-C2C0FACBDE94}.Release|Any CPU.ActiveCfg = Release|Any CPU
		{76D60C04-94EB-4042-B141-C2C0FACBDE94}.Release|Any CPU.Build.0 = Release|Any CPU
		{BF599491-E2D1-46B0-B940-9A6E32F878F4}.Debug|Any CPU.ActiveCfg = Debug|Any CPU
		{BF599491-E2D1-46B0-B940-9A6E32F878F4}.Debug|Any CPU.Build.0 = Debug|Any CPU
		{BF599491-E2D1-46B0-B940-9A6E32F878F4}.Release|Any CPU.ActiveCfg = Release|Any CPU
		{BF599491-E2D1-46B0-B940-9A6E32F878F4}.Release|Any CPU.Build.0 = Release|Any CPU
		{707CC082-006E-46FD-992F-5C7E50BC4CB5}.Debug|Any CPU.ActiveCfg = Debug|Any CPU
		{707CC082-006E-46FD-992F-5C7E50BC4CB5}.Debug|Any CPU.Build.0 = Debug|Any CPU
		{707CC082-006E-46FD-992F-5C7E50BC4CB5}.Release|Any CPU.ActiveCfg = Release|Any CPU
		{707CC082-006E-46FD-992F-5C7E50BC4CB5}.Release|Any CPU.Build.0 = Release|Any CPU
		{DB147327-6336-40FB-9704-FDDFFD278C57}.Debug|Any CPU.ActiveCfg = Debug|Any CPU
		{DB147327-6336-40FB-9704-FDDFFD278C57}.Debug|Any CPU.Build.0 = Debug|Any CPU
		{DB147327-6336-40FB-9704-FDDFFD278C57}.Release|Any CPU.ActiveCfg = Release|Any CPU
		{DB147327-6336-40FB-9704-FDDFFD278C57}.Release|Any CPU.Build.0 = Release|Any CPU
	EndGlobalSection
	GlobalSection(SolutionProperties) = preSolution
		HideSolutionNode = FALSE
	EndGlobalSection
	GlobalSection(ExtensibilityGlobals) = postSolution
		SolutionGuid = {29EE0BD1-BA0E-4D58-9F98-023E02D8B72E}
	EndGlobalSection
EndGlobal
